<?xml version="1.0" encoding="utf-8"?>
<Project ToolsVersion="4.0" xmlns="http://schemas.microsoft.com/developer/msbuild/2003">
  <ItemGroup>
    <Filter Include="소스 파일">
      <UniqueIdentifier>{4FC737F1-C7A5-4376-A066-2A32D752A2FF}</UniqueIdentifier>
      <Extensions>cpp;c;cc;cxx;c++;cppm;ixx;def;odl;idl;hpj;bat;asm;asmx</Extensions>
    </Filter>
    <Filter Include="헤더 파일">
      <UniqueIdentifier>{93995380-89BD-4b04-88EB-625FBE52EBFB}</UniqueIdentifier>
      <Extensions>h;hh;hpp;hxx;h++;hm;inl;inc;ipp;xsd</Extensions>
    </Filter>
    <Filter Include="리소스 파일">
      <UniqueIdentifier>{67DA6AB6-F800-4c08-8B7A-83BB121AAD01}</UniqueIdentifier>
      <Extensions>rc;ico;cur;bmp;dlg;rc2;rct;bin;rgs;gif;jpg;jpeg;jpe;resx;tiff;tif;png;wav;mfcribbon-ms</Extensions>
    </Filter>
    <Filter Include="리소스 파일\ITEM">
      <UniqueIdentifier>{19ea219b-4165-4d33-98b0-6298332b866d}</UniqueIdentifier>
    </Filter>
    <Filter Include="리소스 파일\MONSTER">
      <UniqueIdentifier>{82317dbd-c33f-4469-abbf-8f4e32be2a3f}</UniqueIdentifier>
    </Filter>
    <Filter Include="리소스 파일\MONSTER\BOSS">
      <UniqueIdentifier>{db9e4917-e54c-4b76-8b0a-e3be5caa386a}</UniqueIdentifier>
    </Filter>
  </ItemGroup>
  <ItemGroup>
    <ClInclude Include="stdafx.h">
      <Filter>헤더 파일</Filter>
    </ClInclude>
    <ClInclude Include="targetver.h">
      <Filter>헤더 파일</Filter>
    </ClInclude>
    <ClInclude Include="Resource.h">
      <Filter>헤더 파일</Filter>
    </ClInclude>
    <ClInclude Include="main.h">
      <Filter>헤더 파일</Filter>
    </ClInclude>
    <ClInclude Include="GFramework.h">
      <Filter>헤더 파일</Filter>
    </ClInclude>
    <ClInclude Include="Player.h">
      <Filter>헤더 파일</Filter>
    </ClInclude>
    <ClInclude Include="GameObject.h">
      <Filter>헤더 파일</Filter>
    </ClInclude>
  </ItemGroup>
  <ItemGroup>
    <ClCompile Include="main.cpp">
      <Filter>소스 파일</Filter>
    </ClCompile>
    <ClCompile Include="GFramework.cpp">
      <Filter>소스 파일</Filter>
    </ClCompile>
    <ClCompile Include="Player.cpp">
      <Filter>소스 파일</Filter>
    </ClCompile>
    <ClCompile Include="GameObject.cpp">
      <Filter>소스 파일</Filter>
    </ClCompile>
  </ItemGroup>
  <ItemGroup>
    <ResourceCompile Include="WindowProgramming_Framework.rc">
      <Filter>리소스 파일</Filter>
    </ResourceCompile>
  </ItemGroup>
  <ItemGroup>
    <Image Include="small.ico">
      <Filter>리소스 파일</Filter>
    </Image>
    <Image Include="WindowProgramming_Framework.ico">
      <Filter>리소스 파일</Filter>
    </Image>
    <Image Include="Bitmap\Sample2.bmp">
      <Filter>리소스 파일</Filter>
    </Image>
    <Image Include="bitmap\bitmap2.bmp">
      <Filter>리소스 파일</Filter>
    </Image>
    <Image Include="bitmap\bg_stage.bmp">
      <Filter>리소스 파일</Filter>
    </Image>
    <Image Include="bitmap\ITEM_BULLET.bmp">
      <Filter>리소스 파일\ITEM</Filter>
    </Image>
    <Image Include="bitmap\ITEM_CAKE.bmp">
      <Filter>리소스 파일\ITEM</Filter>
    </Image>
    <Image Include="bitmap\MONSTER_HORSE1.bmp">
      <Filter>리소스 파일\MONSTER\BOSS</Filter>
    </Image>
    <Image Include="bitmap\MONSTER_HORSE2.bmp">
      <Filter>리소스 파일\MONSTER\BOSS</Filter>
    </Image>
    <Image Include="bitmap\MONSTER_HORSE3.bmp">
      <Filter>리소스 파일\MONSTER\BOSS</Filter>
    </Image>
    <Image Include="bitmap\MONSTER_HORSE4.bmp">
      <Filter>리소스 파일\MONSTER\BOSS</Filter>
    </Image>
    <Image Include="bitmap\MONSTER_HORSE5.bmp">
      <Filter>리소스 파일\MONSTER\BOSS</Filter>
    </Image>
    <Image Include="bitmap\MONSTER_HORSE6.bmp">
      <Filter>리소스 파일\MONSTER\BOSS</Filter>
    </Image>
    <Image Include="bitmap\bmp00001.bmp">
      <Filter>리소스 파일</Filter>
    </Image>
    <Image Include="bitmap\bmp00002.bmp">
      <Filter>리소스 파일</Filter>
    </Image>
    <Image Include="bitmap\monster_.bmp">
      <Filter>리소스 파일</Filter>
    </Image>
    <Image Include="bitmap\bmp00003.bmp">
      <Filter>리소스 파일</Filter>
    </Image>
    <Image Include="bitmap\bmp00004.bmp">
      <Filter>리소스 파일</Filter>
    </Image>
    <Image Include="bitmap\bmp00005.bmp">
      <Filter>리소스 파일</Filter>
    </Image>
    <Image Include="bitmap\bmp00006.bmp">
      <Filter>리소스 파일</Filter>
    </Image>
    <Image Include="bitmap\bmp00007.bmp">
      <Filter>리소스 파일</Filter>
    </Image>
    <Image Include="bitmap\bmp00008.bmp">
      <Filter>리소스 파일</Filter>
    </Image>
    <Image Include="bitmap\bmp00009.bmp">
      <Filter>리소스 파일</Filter>
    </Image>
    <Image Include="bitmap\bmp00010.bmp">
      <Filter>리소스 파일</Filter>
    </Image>
    <Image Include="bitmap\bmp00011.bmp">
      <Filter>리소스 파일</Filter>
    </Image>
    <Image Include="bitmap\bmp00012.bmp">
      <Filter>리소스 파일</Filter>
    </Image>
  </ItemGroup>
</Project>